
Microsoft Visual Studio Solution File, Format Version 12.00
# Visual Studio 15
VisualStudioVersion = 15.0.33529.398
MinimumVisualStudioVersion = 10.0.40219.1
Project("{FAE04EC0-301F-11D3-BF4B-00C04F79EFBC}") = "Claw", "Claw\Claw.csproj", "{673096A4-9F32-4D37-83B2-AD0DAA73CA45}"
EndProject
Project("{FAE04EC0-301F-11D3-BF4B-00C04F79EFBC}") = "Tests", "Tests\Tests.csproj", "{053E530B-A90C-4EF7-B394-D192A862BC01}"
EndProject
Project("{FAE04EC0-301F-11D3-BF4B-00C04F79EFBC}") = "Clawssets", "Clawssets\Clawssets.csproj", "{2EDA8C5B-7DCC-450E-B06B-66A103F9B5EA}"
EndProject
Project("{8BC9CEB8-8B4A-11D0-8D11-00A0C91BC942}") = "Clawdio", "Clawdio\Clawdio.vcxproj", "{43C06CEE-98DD-47F5-868A-021F3D7A6E48}"
EndProject
Global
	GlobalSection(SolutionConfigurationPlatforms) = preSolution
		Debug|Any CPU = Debug|Any CPU
		Debug|x64 = Debug|x64
		Debug|x86 = Debug|x86
		Release|Any CPU = Release|Any CPU
		Release|x64 = Release|x64
		Release|x86 = Release|x86
	EndGlobalSection
	GlobalSection(ProjectConfigurationPlatforms) = postSolution
		{673096A4-9F32-4D37-83B2-AD0DAA73CA45}.Debug|Any CPU.ActiveCfg = Debug|Any CPU
		{673096A4-9F32-4D37-83B2-AD0DAA73CA45}.Debug|Any CPU.Build.0 = Debug|Any CPU
		{673096A4-9F32-4D37-83B2-AD0DAA73CA45}.Debug|x64.ActiveCfg = Debug|Any CPU
		{673096A4-9F32-4D37-83B2-AD0DAA73CA45}.Debug|x64.Build.0 = Debug|Any CPU
		{673096A4-9F32-4D37-83B2-AD0DAA73CA45}.Debug|x86.ActiveCfg = Debug|Any CPU
		{673096A4-9F32-4D37-83B2-AD0DAA73CA45}.Debug|x86.Build.0 = Debug|Any CPU
		{673096A4-9F32-4D37-83B2-AD0DAA73CA45}.Release|Any CPU.ActiveCfg = Release|Any CPU
		{673096A4-9F32-4D37-83B2-AD0DAA73CA45}.Release|Any CPU.Build.0 = Release|Any CPU
		{673096A4-9F32-4D37-83B2-AD0DAA73CA45}.Release|x64.ActiveCfg = Release|Any CPU
		{673096A4-9F32-4D37-83B2-AD0DAA73CA45}.Release|x64.Build.0 = Release|Any CPU
		{673096A4-9F32-4D37-83B2-AD0DAA73CA45}.Release|x86.ActiveCfg = Release|Any CPU
		{673096A4-9F32-4D37-83B2-AD0DAA73CA45}.Release|x86.Build.0 = Release|Any CPU
		{053E530B-A90C-4EF7-B394-D192A862BC01}.Debug|Any CPU.ActiveCfg = Debug|Any CPU
		{053E530B-A90C-4EF7-B394-D192A862BC01}.Debug|Any CPU.Build.0 = Debug|Any CPU
		{053E530B-A90C-4EF7-B394-D192A862BC01}.Debug|x64.ActiveCfg = Debug|Any CPU
		{053E530B-A90C-4EF7-B394-D192A862BC01}.Debug|x64.Build.0 = Debug|Any CPU
		{053E530B-A90C-4EF7-B394-D192A862BC01}.Debug|x86.ActiveCfg = Debug|Any CPU
		{053E530B-A90C-4EF7-B394-D192A862BC01}.Debug|x86.Build.0 = Debug|Any CPU
		{053E530B-A90C-4EF7-B394-D192A862BC01}.Release|Any CPU.ActiveCfg = Release|Any CPU
		{053E530B-A90C-4EF7-B394-D192A862BC01}.Release|Any CPU.Build.0 = Release|Any CPU
		{053E530B-A90C-4EF7-B394-D192A862BC01}.Release|x64.ActiveCfg = Release|Any CPU
		{053E530B-A90C-4EF7-B394-D192A862BC01}.Release|x64.Build.0 = Release|Any CPU
		{053E530B-A90C-4EF7-B394-D192A862BC01}.Release|x86.ActiveCfg = Release|Any CPU
		{053E530B-A90C-4EF7-B394-D192A862BC01}.Release|x86.Build.0 = Release|Any CPU
		{2EDA8C5B-7DCC-450E-B06B-66A103F9B5EA}.Debug|Any CPU.ActiveCfg = Debug|Any CPU
		{2EDA8C5B-7DCC-450E-B06B-66A103F9B5EA}.Debug|Any CPU.Build.0 = Debug|Any CPU
		{2EDA8C5B-7DCC-450E-B06B-66A103F9B5EA}.Debug|x64.ActiveCfg = Debug|Any CPU
		{2EDA8C5B-7DCC-450E-B06B-66A103F9B5EA}.Debug|x64.Build.0 = Debug|Any CPU
		{2EDA8C5B-7DCC-450E-B06B-66A103F9B5EA}.Debug|x86.ActiveCfg = Debug|Any CPU
		{2EDA8C5B-7DCC-450E-B06B-66A103F9B5EA}.Debug|x86.Build.0 = Debug|Any CPU
		{2EDA8C5B-7DCC-450E-B06B-66A103F9B5EA}.Release|Any CPU.ActiveCfg = Release|Any CPU
		{2EDA8C5B-7DCC-450E-B06B-66A103F9B5EA}.Release|Any CPU.Build.0 = Release|Any CPU
		{2EDA8C5B-7DCC-450E-B06B-66A103F9B5EA}.Release|x64.ActiveCfg = Release|Any CPU
		{2EDA8C5B-7DCC-450E-B06B-66A103F9B5EA}.Release|x64.Build.0 = Release|Any CPU
		{2EDA8C5B-7DCC-450E-B06B-66A103F9B5EA}.Release|x86.ActiveCfg = Release|Any CPU
		{2EDA8C5B-7DCC-450E-B06B-66A103F9B5EA}.Release|x86.Build.0 = Release|Any CPU
		{43C06CEE-98DD-47F5-868A-021F3D7A6E48}.Debug|Any CPU.ActiveCfg = Debug|Win32
		{43C06CEE-98DD-47F5-868A-021F3D7A6E48}.Debug|Any CPU.Build.0 = Debug|Win32
		{43C06CEE-98DD-47F5-868A-021F3D7A6E48}.Debug|x64.ActiveCfg = Debug|x64
		{43C06CEE-98DD-47F5-868A-021F3D7A6E48}.Debug|x64.Build.0 = Debug|x64
		{43C06CEE-98DD-47F5-868A-021F3D7A6E48}.Debug|x86.ActiveCfg = Debug|Win32
		{43C06CEE-98DD-47F5-868A-021F3D7A6E48}.Debug|x86.Build.0 = Debug|Win32
		{43C06CEE-98DD-47F5-868A-021F3D7A6E48}.Release|Any CPU.ActiveCfg = Release|Win32
		{43C06CEE-98DD-47F5-868A-021F3D7A6E48}.Release|Any CPU.Build.0 = Release|Win32
		{43C06CEE-98DD-47F5-868A-021F3D7A6E48}.Release|x64.ActiveCfg = Release|x64
		{43C06CEE-98DD-47F5-868A-021F3D7A6E48}.Release|x64.Build.0 = Release|x64
		{43C06CEE-98DD-47F5-868A-021F3D7A6E48}.Release|x86.ActiveCfg = Release|Win32
		{43C06CEE-98DD-47F5-868A-021F3D7A6E48}.Release|x86.Build.0 = Release|Win32
	EndGlobalSection
	GlobalSection(SolutionProperties) = preSolution
		HideSolutionNode = FALSE
	EndGlobalSection
	GlobalSection(ExtensibilityGlobals) = postSolution
		SolutionGuid = {C8286A51-92DD-454C-9197-801C29D6A2CB}
	EndGlobalSection
EndGlobal
